
Microsoft Visual Studio Solution File, Format Version 12.00
# Visual Studio Version 17
VisualStudioVersion = 17.13.35825.156
MinimumVisualStudioVersion = 10.0.40219.1
Project("{00D1A9C2-B5F0-4AF3-8072-F6C62B433612}") = "turybusOLTP", "turybusOLTP\turybusOLTP.sqlproj", "{2F777ADE-CA52-4350-9D9B-A00D75ADC747}"
EndProject
Project("{00D1A9C2-B5F0-4AF3-8072-F6C62B433612}") = "turybusDW", "turybusDW\turybusDW.sqlproj", "{DA54CA6F-205E-4406-905F-2EFBB78839F2}"
EndProject
Project("{C9674DCB-5085-4A16-B785-4C70DD1589BD}") = "turybusETL", "turybusETL\turybusETL.dtproj", "{8951FC9F-4EA6-939D-750A-7A6BD48CA0AD}"
EndProject
Project("{F14B399A-7131-4C87-9E4B-1186C45EF12D}") = "turybusReport", "turybusReport\turybusReport.rptproj", "{F5AD8F6D-D32B-F9B0-B665-828A9E87C586}"
EndProject
Project("{6870E480-7721-4708-BFB8-9AE898AA21B3}") = "turybusOLAP", "turybusOLAP\turybusOLAP.smproj", "{8CE414BB-95B2-4C99-9E03-51BA72086E22}"
EndProject
Global
	GlobalSection(SolutionConfigurationPlatforms) = preSolution
		Debug|Any CPU = Debug|Any CPU
		Debug|x86 = Debug|x86
		DebugLocal|Any CPU = DebugLocal|Any CPU
		DebugLocal|x86 = DebugLocal|x86
		Development|Any CPU = Development|Any CPU
		Development|x86 = Development|x86
		Release|Any CPU = Release|Any CPU
		Release|x86 = Release|x86
	EndGlobalSection
	GlobalSection(ProjectConfigurationPlatforms) = postSolution
		{2F777ADE-CA52-4350-9D9B-A00D75ADC747}.Debug|Any CPU.ActiveCfg = Debug|Any CPU
		{2F777ADE-CA52-4350-9D9B-A00D75ADC747}.Debug|Any CPU.Build.0 = Debug|Any CPU
		{2F777ADE-CA52-4350-9D9B-A00D75ADC747}.Debug|Any CPU.Deploy.0 = Debug|Any CPU
		{2F777ADE-CA52-4350-9D9B-A00D75ADC747}.Debug|x86.ActiveCfg = Debug|Any CPU
		{2F777ADE-CA52-4350-9D9B-A00D75ADC747}.Debug|x86.Build.0 = Debug|Any CPU
		{2F777ADE-CA52-4350-9D9B-A00D75ADC747}.Debug|x86.Deploy.0 = Debug|Any CPU
		{2F777ADE-CA52-4350-9D9B-A00D75ADC747}.DebugLocal|Any CPU.ActiveCfg = Debug|Any CPU
		{2F777ADE-CA52-4350-9D9B-A00D75ADC747}.DebugLocal|Any CPU.Build.0 = Debug|Any CPU
		{2F777ADE-CA52-4350-9D9B-A00D75ADC747}.DebugLocal|Any CPU.Deploy.0 = Debug|Any CPU
		{2F777ADE-CA52-4350-9D9B-A00D75ADC747}.DebugLocal|x86.ActiveCfg = Debug|Any CPU
		{2F777ADE-CA52-4350-9D9B-A00D75ADC747}.DebugLocal|x86.Build.0 = Debug|Any CPU
		{2F777ADE-CA52-4350-9D9B-A00D75ADC747}.DebugLocal|x86.Deploy.0 = Debug|Any CPU
		{2F777ADE-CA52-4350-9D9B-A00D75ADC747}.Development|Any CPU.ActiveCfg = Release|Any CPU
		{2F777ADE-CA52-4350-9D9B-A00D75ADC747}.Development|Any CPU.Build.0 = Release|Any CPU
		{2F777ADE-CA52-4350-9D9B-A00D75ADC747}.Development|Any CPU.Deploy.0 = Release|Any CPU
		{2F777ADE-CA52-4350-9D9B-A00D75ADC747}.Development|x86.ActiveCfg = Release|Any CPU
		{2F777ADE-CA52-4350-9D9B-A00D75ADC747}.Development|x86.Build.0 = Release|Any CPU
		{2F777ADE-CA52-4350-9D9B-A00D75ADC747}.Development|x86.Deploy.0 = Release|Any CPU
		{2F777ADE-CA52-4350-9D9B-A00D75ADC747}.Release|Any CPU.ActiveCfg = Release|Any CPU
		{2F777ADE-CA52-4350-9D9B-A00D75ADC747}.Release|Any CPU.Build.0 = Release|Any CPU
		{2F777ADE-CA52-4350-9D9B-A00D75ADC747}.Release|Any CPU.Deploy.0 = Release|Any CPU
		{2F777ADE-CA52-4350-9D9B-A00D75ADC747}.Release|x86.ActiveCfg = Release|Any CPU
		{2F777ADE-CA52-4350-9D9B-A00D75ADC747}.Release|x86.Build.0 = Release|Any CPU
		{2F777ADE-CA52-4350-9D9B-A00D75ADC747}.Release|x86.Deploy.0 = Release|Any CPU
		{DA54CA6F-205E-4406-905F-2EFBB78839F2}.Debug|Any CPU.ActiveCfg = Debug|Any CPU
		{DA54CA6F-205E-4406-905F-2EFBB78839F2}.Debug|Any CPU.Build.0 = Debug|Any CPU
		{DA54CA6F-205E-4406-905F-2EFBB78839F2}.Debug|Any CPU.Deploy.0 = Debug|Any CPU
		{DA54CA6F-205E-4406-905F-2EFBB78839F2}.Debug|x86.ActiveCfg = Debug|Any CPU
		{DA54CA6F-205E-4406-905F-2EFBB78839F2}.Debug|x86.Build.0 = Debug|Any CPU
		{DA54CA6F-205E-4406-905F-2EFBB78839F2}.Debug|x86.Deploy.0 = Debug|Any CPU
		{DA54CA6F-205E-4406-905F-2EFBB78839F2}.DebugLocal|Any CPU.ActiveCfg = Debug|Any CPU
		{DA54CA6F-205E-4406-905F-2EFBB78839F2}.DebugLocal|Any CPU.Build.0 = Debug|Any CPU
		{DA54CA6F-205E-4406-905F-2EFBB78839F2}.DebugLocal|Any CPU.Deploy.0 = Debug|Any CPU
		{DA54CA6F-205E-4406-905F-2EFBB78839F2}.DebugLocal|x86.ActiveCfg = Debug|Any CPU
		{DA54CA6F-205E-4406-905F-2EFBB78839F2}.DebugLocal|x86.Build.0 = Debug|Any CPU
		{DA54CA6F-205E-4406-905F-2EFBB78839F2}.DebugLocal|x86.Deploy.0 = Debug|Any CPU
		{DA54CA6F-205E-4406-905F-2EFBB78839F2}.Development|Any CPU.ActiveCfg = Release|Any CPU
		{DA54CA6F-205E-4406-905F-2EFBB78839F2}.Development|Any CPU.Build.0 = Release|Any CPU
		{DA54CA6F-205E-4406-905F-2EFBB78839F2}.Development|Any CPU.Deploy.0 = Release|Any CPU
		{DA54CA6F-205E-4406-905F-2EFBB78839F2}.Development|x86.ActiveCfg = Release|Any CPU
		{DA54CA6F-205E-4406-905F-2EFBB78839F2}.Development|x86.Build.0 = Release|Any CPU
		{DA54CA6F-205E-4406-905F-2EFBB78839F2}.Development|x86.Deploy.0 = Release|Any CPU
		{DA54CA6F-205E-4406-905F-2EFBB78839F2}.Release|Any CPU.ActiveCfg = Release|Any CPU
		{DA54CA6F-205E-4406-905F-2EFBB78839F2}.Release|Any CPU.Build.0 = Release|Any CPU
		{DA54CA6F-205E-4406-905F-2EFBB78839F2}.Release|Any CPU.Deploy.0 = Release|Any CPU
		{DA54CA6F-205E-4406-905F-2EFBB78839F2}.Release|x86.ActiveCfg = Release|Any CPU
		{DA54CA6F-205E-4406-905F-2EFBB78839F2}.Release|x86.Build.0 = Release|Any CPU
		{DA54CA6F-205E-4406-905F-2EFBB78839F2}.Release|x86.Deploy.0 = Release|Any CPU
		{8951FC9F-4EA6-939D-750A-7A6BD48CA0AD}.Debug|Any CPU.ActiveCfg = Development
		{8951FC9F-4EA6-939D-750A-7A6BD48CA0AD}.Debug|Any CPU.Build.0 = Development
		{8951FC9F-4EA6-939D-750A-7A6BD48CA0AD}.Debug|x86.ActiveCfg = Development
		{8951FC9F-4EA6-939D-750A-7A6BD48CA0AD}.Debug|x86.Build.0 = Development
		{8951FC9F-4EA6-939D-750A-7A6BD48CA0AD}.DebugLocal|Any CPU.ActiveCfg = Development
		{8951FC9F-4EA6-939D-750A-7A6BD48CA0AD}.DebugLocal|Any CPU.Build.0 = Development
		{8951FC9F-4EA6-939D-750A-7A6BD48CA0AD}.DebugLocal|x86.ActiveCfg = Development
		{8951FC9F-4EA6-939D-750A-7A6BD48CA0AD}.DebugLocal|x86.Build.0 = Development
		{8951FC9F-4EA6-939D-750A-7A6BD48CA0AD}.Development|Any CPU.ActiveCfg = Development
		{8951FC9F-4EA6-939D-750A-7A6BD48CA0AD}.Development|Any CPU.Build.0 = Development
		{8951FC9F-4EA6-939D-750A-7A6BD48CA0AD}.Development|x86.ActiveCfg = Development
		{8951FC9F-4EA6-939D-750A-7A6BD48CA0AD}.Development|x86.Build.0 = Development
		{8951FC9F-4EA6-939D-750A-7A6BD48CA0AD}.Release|Any CPU.ActiveCfg = Development
		{8951FC9F-4EA6-939D-750A-7A6BD48CA0AD}.Release|Any CPU.Build.0 = Development
		{8951FC9F-4EA6-939D-750A-7A6BD48CA0AD}.Release|x86.ActiveCfg = Development
		{8951FC9F-4EA6-939D-750A-7A6BD48CA0AD}.Release|x86.Build.0 = Development
		{F5AD8F6D-D32B-F9B0-B665-828A9E87C586}.Debug|Any CPU.ActiveCfg = Debug
		{F5AD8F6D-D32B-F9B0-B665-828A9E87C586}.Debug|Any CPU.Build.0 = Debug
		{F5AD8F6D-D32B-F9B0-B665-828A9E87C586}.Debug|Any CPU.Deploy.0 = Debug
		{F5AD8F6D-D32B-F9B0-B665-828A9E87C586}.Debug|x86.ActiveCfg = Debug
		{F5AD8F6D-D32B-F9B0-B665-828A9E87C586}.Debug|x86.Build.0 = Debug
		{F5AD8F6D-D32B-F9B0-B665-828A9E87C586}.Debug|x86.Deploy.0 = Debug
		{F5AD8F6D-D32B-F9B0-B665-828A9E87C586}.DebugLocal|Any CPU.ActiveCfg = DebugLocal
		{F5AD8F6D-D32B-F9B0-B665-828A9E87C586}.DebugLocal|Any CPU.Build.0 = DebugLocal
		{F5AD8F6D-D32B-F9B0-B665-828A9E87C586}.DebugLocal|x86.ActiveCfg = DebugLocal
		{F5AD8F6D-D32B-F9B0-B665-828A9E87C586}.DebugLocal|x86.Build.0 = DebugLocal
		{F5AD8F6D-D32B-F9B0-B665-828A9E87C586}.DebugLocal|x86.Deploy.0 = DebugLocal
		{F5AD8F6D-D32B-F9B0-B665-828A9E87C586}.Development|Any CPU.ActiveCfg = Release
		{F5AD8F6D-D32B-F9B0-B665-828A9E87C586}.Development|Any CPU.Build.0 = Release
		{F5AD8F6D-D32B-F9B0-B665-828A9E87C586}.Development|Any CPU.Deploy.0 = Release
		{F5AD8F6D-D32B-F9B0-B665-828A9E87C586}.Development|x86.ActiveCfg = 
		{F5AD8F6D-D32B-F9B0-B665-828A9E87C586}.Development|x86.Build.0 = 
		{F5AD8F6D-D32B-F9B0-B665-828A9E87C586}.Development|x86.Deploy.0 = 
		{F5AD8F6D-D32B-F9B0-B665-828A9E87C586}.Release|Any CPU.ActiveCfg = Release
		{F5AD8F6D-D32B-F9B0-B665-828A9E87C586}.Release|Any CPU.Build.0 = Release
		{F5AD8F6D-D32B-F9B0-B665-828A9E87C586}.Release|Any CPU.Deploy.0 = Release
		{F5AD8F6D-D32B-F9B0-B665-828A9E87C586}.Release|x86.ActiveCfg = Release
		{F5AD8F6D-D32B-F9B0-B665-828A9E87C586}.Release|x86.Build.0 = Release
		{F5AD8F6D-D32B-F9B0-B665-828A9E87C586}.Release|x86.Deploy.0 = Release
		{8CE414BB-95B2-4C99-9E03-51BA72086E22}.Debug|Any CPU.ActiveCfg = Development|x86
		{8CE414BB-95B2-4C99-9E03-51BA72086E22}.Debug|Any CPU.Build.0 = Development|x86
		{8CE414BB-95B2-4C99-9E03-51BA72086E22}.Debug|Any CPU.Deploy.0 = Development|x86
		{8CE414BB-95B2-4C99-9E03-51BA72086E22}.Debug|x86.ActiveCfg = Development|x86
		{8CE414BB-95B2-4C99-9E03-51BA72086E22}.Debug|x86.Build.0 = Development|x86
		{8CE414BB-95B2-4C99-9E03-51BA72086E22}.Debug|x86.Deploy.0 = Development|x86
		{8CE414BB-95B2-4C99-9E03-51BA72086E22}.DebugLocal|Any CPU.ActiveCfg = Development|x86
		{8CE414BB-95B2-4C99-9E03-51BA72086E22}.DebugLocal|Any CPU.Build.0 = Development|x86
		{8CE414BB-95B2-4C99-9E03-51BA72086E22}.DebugLocal|Any CPU.Deploy.0 = Development|x86
		{8CE414BB-95B2-4C99-9E03-51BA72086E22}.DebugLocal|x86.ActiveCfg = Development|x86
		{8CE414BB-95B2-4C99-9E03-51BA72086E22}.DebugLocal|x86.Build.0 = Development|x86
		{8CE414BB-95B2-4C99-9E03-51BA72086E22}.DebugLocal|x86.Deploy.0 = Development|x86
		{8CE414BB-95B2-4C99-9E03-51BA72086E22}.Development|Any CPU.ActiveCfg = Development|x86
		{8CE414BB-95B2-4C99-9E03-51BA72086E22}.Development|Any CPU.Build.0 = Development|x86
		{8CE414BB-95B2-4C99-9E03-51BA72086E22}.Development|Any CPU.Deploy.0 = Development|x86
		{8CE414BB-95B2-4C99-9E03-51BA72086E22}.Development|x86.ActiveCfg = Development|x86
		{8CE414BB-95B2-4C99-9E03-51BA72086E22}.Development|x86.Build.0 = Development|x86
		{8CE414BB-95B2-4C99-9E03-51BA72086E22}.Development|x86.Deploy.0 = Development|x86
		{8CE414BB-95B2-4C99-9E03-51BA72086E22}.Release|Any CPU.ActiveCfg = Development|x86
		{8CE414BB-95B2-4C99-9E03-51BA72086E22}.Release|Any CPU.Build.0 = Development|x86
		{8CE414BB-95B2-4C99-9E03-51BA72086E22}.Release|Any CPU.Deploy.0 = Development|x86
		{8CE414BB-95B2-4C99-9E03-51BA72086E22}.Release|x86.ActiveCfg = Development|x86
		{8CE414BB-95B2-4C99-9E03-51BA72086E22}.Release|x86.Build.0 = Development|x86
		{8CE414BB-95B2-4C99-9E03-51BA72086E22}.Release|x86.Deploy.0 = Development|x86
	EndGlobalSection
	GlobalSection(SolutionProperties) = preSolution
		HideSolutionNode = FALSE
	EndGlobalSection
	GlobalSection(ExtensibilityGlobals) = postSolution
		SolutionGuid = {6A5E53FD-4BF8-41F0-A195-B81FD3E66821}
	EndGlobalSection
EndGlobal
